
Microsoft Visual Studio Solution File, Format Version 12.00
# Visual Studio Version 16
VisualStudioVersion = 16.0.30907.101
MinimumVisualStudioVersion = 10.0.40219.1
Project("{FAE04EC0-301F-11D3-BF4B-00C04F79EFBC}") = "Theasurus.Core", "Theasurus.Core\Theasurus.Core.csproj", "{23AA5E52-04A3-45B8-8C37-33C574CFEF36}"
EndProject
Global
	GlobalSection(SolutionConfigurationPlatforms) = preSolution
		Debug|Any CPU = Debug|Any CPU
		Release|Any CPU = Release|Any CPU
	EndGlobalSection
	GlobalSection(ProjectConfigurationPlatforms) = postSolution
		{23AA5E52-04A3-45B8-8C37-33C574CFEF36}.Debug|Any CPU.ActiveCfg = Debug|Any CPU
		{23AA5E52-04A3-45B8-8C37-33C574CFEF36}.Debug|Any CPU.Build.0 = Debug|Any CPU
		{23AA5E52-04A3-45B8-8C37-33C574CFEF36}.Release|Any CPU.ActiveCfg = Release|Any CPU
		{23AA5E52-04A3-45B8-8C37-33C574CFEF36}.Release|Any CPU.Build.0 = Release|Any CPU
	EndGlobalSection
	GlobalSection(SolutionProperties) = preSolution
		HideSolutionNode = FALSE
	EndGlobalSection
	GlobalSection(ExtensibilityGlobals) = postSolution
		SolutionGuid = {117EF119-77FD-437A-9179-AD9FF2E32427}
	EndGlobalSection
EndGlobal
